// !$*UTF8*$!
{
	archiveVersion = 1;
	classes = {
	};
	objectVersion = 46;
	objects = {

/* Begin PBXFileReference section */
		BD85C7441CBCD06C00AFC7BF /* libWebGL2OpenGL4OculusMobileSDK.a */ = {isa = PBXFileReference; explicitFileType = archive.ar; includeInIndex = 0; path = libWebGL2OpenGL4OculusMobileSDK.a; sourceTree = BUILT_PRODUCTS_DIR; };
		BD85C7531CC2B89100AFC7BF /* WebGL2OpenGL4OculusMobileSDK.c */ = {isa = PBXFileReference; fileEncoding = 4; lastKnownFileType = sourcecode.c.c; name = WebGL2OpenGL4OculusMobileSDK.c; path = ../../WebGL2OpenGL4OculusMobileSDK.c; sourceTree = "<group>"; };
/* End PBXFileReference section */

/* Begin PBXGroup section */
		BD85C73B1CBCD06C00AFC7BF = {
			isa = PBXGroup;
			children = (
				BD85C7531CC2B89100AFC7BF /* WebGL2OpenGL4OculusMobileSDK.c */,
				BD85C7451CBCD06C00AFC7BF /* Products */,
			);
			sourceTree = "<group>";
		};
		BD85C7451CBCD06C00AFC7BF /* Products */ = {
			isa = PBXGroup;
			children = (
				BD85C7441CBCD06C00AFC7BF /* libWebGL2OpenGL4OculusMobileSDK.a */,
			);
			name = Products;
			sourceTree = "<group>";
		};
/* End PBXGroup section */

/* Begin PBXNativeTarget section */
		BD85C7431CBCD06C00AFC7BF /* WebGL2OpenGL4OculusMobileSDK */ = {
			isa = PBXNativeTarget;
			buildConfigurationList = BD85C74D1CBCD06C00AFC7BF /* Build configuration list for PBXNativeTarget "WebGL2OpenGL4OculusMobileSDK" */;
			buildPhases = (
				BD85C7521CBCD7A100AFC7BF /* ShellScript */,
			);
			buildRules = (
			);
			dependencies = (
			);
			name = WebGL2OpenGL4OculusMobileSDK;
			productName = WebGL2Native;
			productReference = BD85C7441CBCD06C00AFC7BF /* libWebGL2OpenGL4OculusMobileSDK.a */;
			productType = "com.apple.product-type.library.static";
		};
/* End PBXNativeTarget section */

/* Begin PBXProject section */
		BD85C73C1CBCD06C00AFC7BF /* Project object */ = {
			isa = PBXProject;
			attributes = {
				LastUpgradeCheck = 0720;
				ORGANIZATIONNAME = "Iker Jamardo Zugaza (aka JudaX)";
				TargetAttributes = {
					BD85C7431CBCD06C00AFC7BF = {
						CreatedOnToolsVersion = 7.2;
					};
				};
			};
			buildConfigurationList = BD85C73F1CBCD06C00AFC7BF /* Build configuration list for PBXProject "WebGL2OpenGL4OculusMobileSDK" */;
			compatibilityVersion = "Xcode 3.2";
			developmentRegion = English;
			hasScannedForEncodings = 0;
			knownRegions = (
				en,
			);
			mainGroup = BD85C73B1CBCD06C00AFC7BF;
			productRefGroup = BD85C7451CBCD06C00AFC7BF /* Products */;
			projectDirPath = "";
			projectRoot = "";
			targets = (
				BD85C7431CBCD06C00AFC7BF /* WebGL2OpenGL4OculusMobileSDK */,
			);
		};
/* End PBXProject section */

/* Begin PBXShellScriptBuildPhase section */
		BD85C7521CBCD7A100AFC7BF /* ShellScript */ = {
			isa = PBXShellScriptBuildPhase;
			buildActionMask = 2147483647;
			files = (
			);
			inputPaths = (
			);
			outputPaths = (
			);
			runOnlyForDeploymentPostprocessing = 0;
			shellPath = /bin/sh;
			shellScript = "cd ../../../jni/\n./ndkbuild.sh";
			showEnvVarsInLog = 0;
		};
/* End PBXShellScriptBuildPhase section */

/* Begin XCBuildConfiguration section */
		BD85C74B1CBCD06C00AFC7BF /* Debug */ = {
			isa = XCBuildConfiguration;
			buildSettings = {
				ALWAYS_SEARCH_USER_PATHS = NO;
				CLANG_CXX_LANGUAGE_STANDARD = "gnu++0x";
				CLANG_CXX_LIBRARY = "libc++";
				CLANG_ENABLE_MODULES = YES;
				CLANG_ENABLE_OBJC_ARC = YES;
				CLANG_WARN_BOOL_CONVERSION = YES;
				CLANG_WARN_CONSTANT_CONVERSION = YES;
				CLANG_WARN_DIRECT_OBJC_ISA_USAGE = YES_ERROR;
				CLANG_WARN_EMPTY_BODY = YES;
				CLANG_WARN_ENUM_CONVERSION = YES;
				CLANG_WARN_INT_CONVERSION = YES;
				CLANG_WARN_OBJC_ROOT_CLASS = YES_ERROR;
				CLANG_WARN_UNREACHABLE_CODE = YES;
				CLANG_WARN__DUPLICATE_METHOD_MATCH = YES;
				"CODE_SIGN_IDENTITY[sdk=iphoneos*]" = "iPhone Developer";
				COPY_PHASE_STRIP = NO;
				DEBUG_INFORMATION_FORMAT = dwarf;
				ENABLE_STRICT_OBJC_MSGSEND = YES;
				ENABLE_TESTABILITY = YES;
				GCC_C_LANGUAGE_STANDARD = gnu99;
				GCC_DYNAMIC_NO_PIC = NO;
				GCC_NO_COMMON_BLOCKS = YES;
				GCC_OPTIMIZATION_LEVEL = 0;
				GCC_PREPROCESSOR_DEFINITIONS = (
					"DEBUG=1",
					"$(inherited)",
				);
				GCC_WARN_64_TO_32_BIT_CONVERSION = YES;
				GCC_WARN_ABOUT_RETURN_TYPE = YES_ERROR;
				GCC_WARN_UNDECLARED_SELECTOR = YES;
				GCC_WARN_UNINITIALIZED_AUTOS = YES_AGGRESSIVE;
				GCC_WARN_UNUSED_FUNCTION = YES;
				GCC_WARN_UNUSED_VARIABLE = YES;
				IPHONEOS_DEPLOYMENT_TARGET = 9.2;
				MTL_ENABLE_DEBUG_INFO = YES;
				ONLY_ACTIVE_ARCH = YES;
				SDKROOT = iphoneos;
			};
			name = Debug;
		};
		BD85C74C1CBCD06C00AFC7BF /* Release */ = {
			isa = XCBuildConfiguration;
			buildSettings = {
				ALWAYS_SEARCH_USER_PATHS = NO;
				CLANG_CXX_LANGUAGE_STANDARD = "gnu++0x";
				CLANG_CXX_LIBRARY = "libc++";
				CLANG_ENABLE_MODULES = YES;
				CLANG_ENABLE_OBJC_ARC = YES;
				CLANG_WARN_BOOL_CONVERSION = YES;
				CLANG_WARN_CONSTANT_CONVERSION = YES;
				CLANG_WARN_DIRECT_OBJC_ISA_USAGE = YES_ERROR;
				CLANG_WARN_EMPTY_BODY = YES;
				CLANG_WARN_ENUM_CONVERSION = YES;
				CLANG_WARN_INT_CONVERSION = YES;
				CLANG_WARN_OBJC_ROOT_CLASS = YES_ERROR;
				CLANG_WARN_UNREACHABLE_CODE = YES;
				CLANG_WARN__DUPLICATE_METHOD_MATCH = YES;
				"CODE_SIGN_IDENTITY[sdk=iphoneos*]" = "iPhone Developer";
				COPY_PHASE_STRIP = NO;
				DEBUG_INFORMATION_FORMAT = "dwarf-with-dsym";
				ENABLE_NS_ASSERTIONS = NO;
				ENABLE_STRICT_OBJC_MSGSEND = YES;
				GCC_C_LANGUAGE_STANDARD = gnu99;
				GCC_NO_COMMON_BLOCKS = YES;
				GCC_WARN_64_TO_32_BIT_CONVERSION = YES;
				GCC_WARN_ABOUT_RETURN_TYPE = YES_ERROR;
				GCC_WARN_UNDECLARED_SELECTOR = YES;
				GCC_WARN_UNINITIALIZED_AUTOS = YES_AGGRESSIVE;
				GCC_WARN_UNUSED_FUNCTION = YES;
				GCC_WARN_UNUSED_VARIABLE = YES;
				IPHONEOS_DEPLOYMENT_TARGET = 9.2;
				MTL_ENABLE_DEBUG_INFO = NO;
				SDKROOT = iphoneos;
				VALIDATE_PRODUCT = YES;
			};
			name = Release;
		};
		BD85C74E1CBCD06C00AFC7BF /* Debug */ = {
			isa = XCBuildConfiguration;
			buildSettings = {
				OTHER_LDFLAGS = "-ObjC";
				PRODUCT_NAME = WebGL2OpenGL4OculusMobileSDK;
				SKIP_INSTALL = YES;
			};
			name = Debug;
		};
		BD85C74F1CBCD06C00AFC7BF /* Release */ = {
			isa = XCBuildConfiguration;
			buildSettings = {
				OTHER_LDFLAGS = "-ObjC";
				PRODUCT_NAME = WebGL2OpenGL4OculusMobileSDK;
				SKIP_INSTALL = YES;
			};
			name = Release;
		};
/* End XCBuildConfiguration section */

/* Begin XCConfigurationList section */
		BD85C73F1CBCD06C00AFC7BF /* Build configuration list for PBXProject "WebGL2OpenGL4OculusMobileSDK" */ = {
			isa = XCConfigurationList;
			buildConfigurations = (
				BD85C74B1CBCD06C00AFC7BF /* Debug */,
				BD85C74C1CBCD06C00AFC7BF /* Release */,
			);
			defaultConfigurationIsVisible = 0;
			defaultConfigurationName = Release;
		};
		BD85C74D1CBCD06C00AFC7BF /* Build configuration list for PBXNativeTarget "WebGL2OpenGL4OculusMobileSDK" */ = {
			isa = XCConfigurationList;
			buildConfigurations = (
				BD85C74E1CBCD06C00AFC7BF /* Debug */,
				BD85C74F1CBCD06C00AFC7BF /* Release */,
			);
			defaultConfigurationIsVisible = 0;
			defaultConfigurationName = Release;
		};
/* End XCConfigurationList section */
	};
	rootObject = BD85C73C1CBCD06C00AFC7BF /* Project object */;
}
